
Microsoft Visual Studio Solution File, Format Version 12.00
# Visual Studio 14
VisualStudioVersion = 14.0.25420.1
MinimumVisualStudioVersion = 10.0.40219.1
Project("{F184B08F-C81C-45F6-A57F-5ABD9991F28F}") = "daniel", "1U-TecVII-GA1-DanielSay\daniel.vbproj", "{09BC64A7-71BB-4296-9A8F-0462221B2B3B}"
EndProject
Global
	GlobalSection(SolutionConfigurationPlatforms) = preSolution
		Debug|Any CPU = Debug|Any CPU
		Release|Any CPU = Release|Any CPU
	EndGlobalSection
	GlobalSection(ProjectConfigurationPlatforms) = postSolution
		{09BC64A7-71BB-4296-9A8F-0462221B2B3B}.Debug|Any CPU.ActiveCfg = Debug|Any CPU
		{09BC64A7-71BB-4296-9A8F-0462221B2B3B}.Debug|Any CPU.Build.0 = Debug|Any CPU
		{09BC64A7-71BB-4296-9A8F-0462221B2B3B}.Release|Any CPU.ActiveCfg = Release|Any CPU
		{09BC64A7-71BB-4296-9A8F-0462221B2B3B}.Release|Any CPU.Build.0 = Release|Any CPU
	EndGlobalSection
	GlobalSection(SolutionProperties) = preSolution
		HideSolutionNode = FALSE
	EndGlobalSection
EndGlobal
